{
  "version": 4,
  "terraform_version": "1.6.5",
  "serial": 6,
  "lineage": "0db1c714-4197-876d-1181-96291012e1ed",
  "outputs": {
    "z_downloader_code_bucket": {
      "value": "z_downloader_lambda_code",
      "type": "string"
    },
    "z_downloader_lambda_role_arn": {
      "value": "arn:aws:iam::416153765827:role/z_downloader_lambda_role",
      "type": "string"
    },
    "z_downloader_lambda_role_name": {
      "value": "z_downloader_lambda_role",
      "type": "string"
    },
    "z_downloader_stock_data_bucket": {
      "value": "z_downloader_stock_data",
      "type": "string"
    }
  },
  "resources": [
    {
      "mode": "managed",
      "type": "aws_iam_role",
      "name": "z_downloader_lambda_role",
      "provider": "provider[\"registry.terraform.io/hashicorp/aws\"]",
      "instances": [
        {
          "schema_version": 0,
          "attributes": {
            "arn": "arn:aws:iam::416153765827:role/z_downloader_lambda_role",
            "assume_role_policy": "{\"Statement\":[{\"Action\":\"sts:AssumeRole\",\"Effect\":\"Allow\",\"Principal\":{\"Service\":\"lambda.amazonaws.com\"}}],\"Version\":\"2012-10-17\"}",
            "create_date": "2023-12-30T12:28:34Z",
            "description": "",
            "force_detach_policies": false,
            "id": "z_downloader_lambda_role",
            "inline_policy": [],
            "managed_policy_arns": [],
            "max_session_duration": 3600,
            "name": "z_downloader_lambda_role",
            "name_prefix": "",
            "path": "/",
            "permissions_boundary": "",
            "tags": null,
            "tags_all": {},
            "unique_id": "AROAWBZFSQ7BZABBGXZKQ"
          },
          "sensitive_attributes": [],
          "private": "bnVsbA=="
        }
      ]
    },
    {
      "mode": "managed",
      "type": "aws_iam_role_policy_attachment",
      "name": "lambda_role_allow_s3",
      "provider": "provider[\"registry.terraform.io/hashicorp/aws\"]",
      "instances": [
        {
          "schema_version": 0,
          "attributes": {
            "id": "z_downloader_lambda_role-20231230122836037300000001",
            "policy_arn": "arn:aws:iam::aws:policy/AmazonS3FullAccess",
            "role": "z_downloader_lambda_role"
          },
          "sensitive_attributes": [],
          "private": "bnVsbA==",
          "dependencies": [
            "aws_iam_role.z_downloader_lambda_role"
          ]
        }
      ]
    },
    {
      "mode": "managed",
      "type": "aws_iam_role_policy_attachment",
      "name": "lambda_role_allow_screts_access",
      "provider": "provider[\"registry.terraform.io/hashicorp/aws\"]",
      "instances": [
        {
          "schema_version": 0,
          "attributes": {
            "id": "z_downloader_lambda_role-20231230122836347600000002",
            "policy_arn": "arn:aws:iam::aws:policy/SecretsManagerReadWrite",
            "role": "z_downloader_lambda_role"
          },
          "sensitive_attributes": [],
          "private": "bnVsbA==",
          "dependencies": [
            "aws_iam_role.z_downloader_lambda_role"
          ]
        }
      ]
    }
  ],
  "check_results": null
}
