{
  "version": 4,
  "terraform_version": "1.6.5",
  "serial": 13,
  "lineage": "02ef6d1f-a7ec-8593-ca10-9c284e96129f",
  "outputs": {
    "ec2_instance_id": {
      "value": "i-043e5490d13a89fca",
      "type": "string"
    },
    "ec2_public_ip": {
      "value": "3.110.152.153",
      "type": "string"
    },
    "iam_role_arn": {
      "value": "arn:aws:iam::416153765827:role/lambda-ec2-role",
      "type": "string"
    },
    "instance_profile_name": {
      "value": "lambda-ec2-profile",
      "type": "string"
    },
    "sqs_queue_arn": {
      "value": "arn:aws:sqs:ap-south-1:416153765827:corporate-announcements",
      "type": "string"
    },
    "sqs_queue_url": {
      "value": "https://sqs.ap-south-1.amazonaws.com/416153765827/corporate-announcements",
      "type": "string"
    }
  },
  "resources": [
    {
      "mode": "managed",
      "type": "aws_iam_instance_profile",
      "name": "lambda_ec2_profile",
      "provider": "provider[\"registry.terraform.io/hashicorp/aws\"]",
      "instances": [
        {
          "schema_version": 0,
          "attributes": {
            "arn": "arn:aws:iam::416153765827:instance-profile/lambda-ec2-profile",
            "create_date": "2025-07-31T18:38:59Z",
            "id": "lambda-ec2-profile",
            "name": "lambda-ec2-profile",
            "name_prefix": "",
            "path": "/",
            "role": "lambda-ec2-role",
            "tags": {},
            "tags_all": {},
            "unique_id": "AIPAWBZFSQ7BX2Q7UDVX4"
          },
          "sensitive_attributes": [],
          "private": "bnVsbA==",
          "dependencies": [
            "aws_iam_role.lambda_ec2_role"
          ]
        }
      ]
    },
    {
      "mode": "managed",
      "type": "aws_iam_policy",
      "name": "ec2_start_stop_policy",
      "provider": "provider[\"registry.terraform.io/hashicorp/aws\"]",
      "instances": [
        {
          "schema_version": 0,
          "attributes": {
            "arn": "arn:aws:iam::416153765827:policy/ec2_start_stop_policy",
            "attachment_count": 1,
            "description": "Allow start/stop any EC2 instance",
            "id": "arn:aws:iam::416153765827:policy/ec2_start_stop_policy",
            "name": "ec2_start_stop_policy",
            "name_prefix": "",
            "path": "/",
            "policy": "{\"Statement\":[{\"Action\":[\"ec2:StartInstances\",\"ec2:StopInstances\"],\"Effect\":\"Allow\",\"Resource\":\"*\"}],\"Version\":\"2012-10-17\"}",
            "policy_id": "ANPAWBZFSQ7B6HUNAYU66",
            "tags": {},
            "tags_all": {}
          },
          "sensitive_attributes": [],
          "private": "bnVsbA=="
        }
      ]
    },
    {
      "mode": "managed",
      "type": "aws_iam_policy",
      "name": "sqs_corporate_announcements_rw",
      "provider": "provider[\"registry.terraform.io/hashicorp/aws\"]",
      "instances": [
        {
          "schema_version": 0,
          "attributes": {
            "arn": "arn:aws:iam::416153765827:policy/sqs_corporate_announcements_rw",
            "attachment_count": 1,
            "description": "Allow read/write access to the corporate_announcements SQS queue",
            "id": "arn:aws:iam::416153765827:policy/sqs_corporate_announcements_rw",
            "name": "sqs_corporate_announcements_rw",
            "name_prefix": "",
            "path": "/",
            "policy": "{\"Statement\":[{\"Action\":[\"sqs:SendMessage\",\"sqs:ReceiveMessage\",\"sqs:DeleteMessage\",\"sqs:GetQueueAttributes\",\"sqs:GetQueueUrl\"],\"Effect\":\"Allow\",\"Resource\":\"arn:aws:sqs:ap-south-1:416153765827:corporate-announcements\"}],\"Version\":\"2012-10-17\"}",
            "policy_id": "ANPAWBZFSQ7B3AIYMJ635",
            "tags": {},
            "tags_all": {}
          },
          "sensitive_attributes": [],
          "private": "bnVsbA==",
          "dependencies": [
            "aws_sqs_queue.corporate_announcements"
          ]
        }
      ]
    },
    {
      "mode": "managed",
      "type": "aws_iam_policy_attachment",
      "name": "lambda_ec2_sqs_policy",
      "provider": "provider[\"registry.terraform.io/hashicorp/aws\"]",
      "instances": [
        {
          "schema_version": 0,
          "attributes": {
            "groups": [],
            "id": "lambda-ec2-sqs-policy-attachment",
            "name": "lambda-ec2-sqs-policy-attachment",
            "policy_arn": "arn:aws:iam::416153765827:policy/sqs_corporate_announcements_rw",
            "roles": [
              "lambda-ec2-role"
            ],
            "users": []
          },
          "sensitive_attributes": [],
          "private": "bnVsbA==",
          "dependencies": [
            "aws_iam_policy.sqs_corporate_announcements_rw",
            "aws_iam_role.lambda_ec2_role",
            "aws_sqs_queue.corporate_announcements"
          ]
        }
      ]
    },
    {
      "mode": "managed",
      "type": "aws_iam_policy_attachment",
      "name": "lambda_ec2_start_stop_policy",
      "provider": "provider[\"registry.terraform.io/hashicorp/aws\"]",
      "instances": [
        {
          "schema_version": 0,
          "attributes": {
            "groups": [],
            "id": "lambda-ec2-start-stop-policy-attachment",
            "name": "lambda-ec2-start-stop-policy-attachment",
            "policy_arn": "arn:aws:iam::416153765827:policy/ec2_start_stop_policy",
            "roles": [
              "lambda-ec2-role"
            ],
            "users": []
          },
          "sensitive_attributes": [],
          "private": "bnVsbA==",
          "dependencies": [
            "aws_iam_policy.ec2_start_stop_policy",
            "aws_iam_role.lambda_ec2_role"
          ]
        }
      ]
    },
    {
      "mode": "managed",
      "type": "aws_iam_role",
      "name": "lambda_ec2_role",
      "provider": "provider[\"registry.terraform.io/hashicorp/aws\"]",
      "instances": [
        {
          "schema_version": 0,
          "attributes": {
            "arn": "arn:aws:iam::416153765827:role/lambda-ec2-role",
            "assume_role_policy": "{\"Statement\":[{\"Action\":\"sts:AssumeRole\",\"Effect\":\"Allow\",\"Principal\":{\"Service\":[\"lambda.amazonaws.com\",\"ec2.amazonaws.com\"]}}],\"Version\":\"2012-10-17\"}",
            "create_date": "2025-07-31T18:38:58Z",
            "description": "",
            "force_detach_policies": false,
            "id": "lambda-ec2-role",
            "inline_policy": [],
            "managed_policy_arns": [
              "arn:aws:iam::416153765827:policy/ec2_start_stop_policy",
              "arn:aws:iam::416153765827:policy/sqs_corporate_announcements_rw"
            ],
            "max_session_duration": 3600,
            "name": "lambda-ec2-role",
            "name_prefix": "",
            "path": "/",
            "permissions_boundary": "",
            "tags": {},
            "tags_all": {},
            "unique_id": "AROAWBZFSQ7BUJR455DIH"
          },
          "sensitive_attributes": [],
          "private": "bnVsbA=="
        }
      ]
    },
    {
      "mode": "managed",
      "type": "aws_instance",
      "name": "ubuntu_server",
      "provider": "provider[\"registry.terraform.io/hashicorp/aws\"]",
      "instances": [
        {
          "schema_version": 1,
          "attributes": {
            "ami": "ami-0f918f7e67a3323f0",
            "arn": "arn:aws:ec2:ap-south-1:416153765827:instance/i-043e5490d13a89fca",
            "associate_public_ip_address": true,
            "availability_zone": "ap-south-1c",
            "capacity_reservation_specification": [
              {
                "capacity_reservation_preference": "open",
                "capacity_reservation_target": []
              }
            ],
            "cpu_core_count": 1,
            "cpu_options": [
              {
                "amd_sev_snp": "",
                "core_count": 1,
                "threads_per_core": 2
              }
            ],
            "cpu_threads_per_core": 2,
            "credit_specification": [
              {
                "cpu_credits": "unlimited"
              }
            ],
            "disable_api_stop": false,
            "disable_api_termination": false,
            "ebs_block_device": [],
            "ebs_optimized": false,
            "enable_primary_ipv6": null,
            "enclave_options": [
              {
                "enabled": false
              }
            ],
            "ephemeral_block_device": [],
            "get_password_data": false,
            "hibernation": false,
            "host_id": "",
            "host_resource_group_arn": null,
            "iam_instance_profile": "lambda-ec2-profile",
            "id": "i-043e5490d13a89fca",
            "instance_initiated_shutdown_behavior": "stop",
            "instance_lifecycle": "",
            "instance_market_options": [],
            "instance_state": "running",
            "instance_type": "t3a.large",
            "ipv6_address_count": 0,
            "ipv6_addresses": [],
            "key_name": "work-key",
            "launch_template": [],
            "maintenance_options": [
              {
                "auto_recovery": "default"
              }
            ],
            "metadata_options": [
              {
                "http_endpoint": "enabled",
                "http_protocol_ipv6": "disabled",
                "http_put_response_hop_limit": 2,
                "http_tokens": "required",
                "instance_metadata_tags": "disabled"
              }
            ],
            "monitoring": false,
            "network_interface": [],
            "outpost_arn": "",
            "password_data": "",
            "placement_group": "",
            "placement_partition_number": 0,
            "primary_network_interface_id": "eni-07d679ebec5e00152",
            "private_dns": "ip-172-31-24-110.ap-south-1.compute.internal",
            "private_dns_name_options": [
              {
                "enable_resource_name_dns_a_record": false,
                "enable_resource_name_dns_aaaa_record": false,
                "hostname_type": "ip-name"
              }
            ],
            "private_ip": "172.31.24.110",
            "public_dns": "ec2-3-110-152-153.ap-south-1.compute.amazonaws.com",
            "public_ip": "3.110.152.153",
            "root_block_device": [
              {
                "delete_on_termination": true,
                "device_name": "/dev/sda1",
                "encrypted": false,
                "iops": 3000,
                "kms_key_id": "",
                "tags": null,
                "tags_all": {},
                "throughput": 125,
                "volume_id": "vol-0a56fb1cb21d938e6",
                "volume_size": 15,
                "volume_type": "gp3"
              }
            ],
            "secondary_private_ips": [],
            "security_groups": [
              "dev-instance-firewall"
            ],
            "source_dest_check": true,
            "spot_instance_request_id": "",
            "subnet_id": "subnet-4a8b2931",
            "tags": {
              "Name": "announcement-processor"
            },
            "tags_all": {
              "Name": "announcement-processor"
            },
            "tenancy": "default",
            "timeouts": null,
            "user_data": null,
            "user_data_base64": null,
            "user_data_replace_on_change": false,
            "volume_tags": null,
            "vpc_security_group_ids": [
              "sg-019c4eb82f6ceadc8"
            ]
          },
          "sensitive_attributes": [],
          "private": "eyJlMmJmYjczMC1lY2FhLTExZTYtOGY4OC0zNDM2M2JjN2M0YzAiOnsiY3JlYXRlIjo2MDAwMDAwMDAwMDAsImRlbGV0ZSI6MTIwMDAwMDAwMDAwMCwicmVhZCI6OTAwMDAwMDAwMDAwLCJ1cGRhdGUiOjYwMDAwMDAwMDAwMH0sInNjaGVtYV92ZXJzaW9uIjoiMSJ9",
          "dependencies": [
            "aws_iam_instance_profile.lambda_ec2_profile",
            "aws_iam_role.lambda_ec2_role"
          ]
        }
      ]
    },
    {
      "mode": "managed",
      "type": "aws_sqs_queue",
      "name": "corporate_announcements",
      "provider": "provider[\"registry.terraform.io/hashicorp/aws\"]",
      "instances": [
        {
          "schema_version": 0,
          "attributes": {
            "arn": "arn:aws:sqs:ap-south-1:416153765827:corporate-announcements",
            "content_based_deduplication": false,
            "deduplication_scope": "",
            "delay_seconds": 0,
            "fifo_queue": false,
            "fifo_throughput_limit": "",
            "id": "https://sqs.ap-south-1.amazonaws.com/416153765827/corporate-announcements",
            "kms_data_key_reuse_period_seconds": 300,
            "kms_master_key_id": "",
            "max_message_size": 262144,
            "message_retention_seconds": 345600,
            "name": "corporate-announcements",
            "name_prefix": "",
            "policy": "",
            "receive_wait_time_seconds": 0,
            "redrive_allow_policy": "",
            "redrive_policy": "",
            "sqs_managed_sse_enabled": true,
            "tags": {},
            "tags_all": {},
            "timeouts": null,
            "url": "https://sqs.ap-south-1.amazonaws.com/416153765827/corporate-announcements",
            "visibility_timeout_seconds": 30
          },
          "sensitive_attributes": [],
          "private": "eyJlMmJmYjczMC1lY2FhLTExZTYtOGY4OC0zNDM2M2JjN2M0YzAiOnsiY3JlYXRlIjoxODAwMDAwMDAwMDAsImRlbGV0ZSI6MTgwMDAwMDAwMDAwLCJ1cGRhdGUiOjE4MDAwMDAwMDAwMH19"
        }
      ]
    }
  ],
  "check_results": null
}
